<?xml version="1.0" encoding="utf-8"?>
<Project ToolsVersion="4.0" xmlns="http://schemas.microsoft.com/developer/msbuild/2003">
  <ItemGroup>
    <Filter Include="Source">
      <UniqueIdentifier>{93995380-89BD-4b04-88EB-625FBE52EBFB}</UniqueIdentifier>
      <Extensions>h;hh;hpp;hxx;h++;hm;inl;inc;ipp;xsd</Extensions>
    </Filter>
    <Filter Include="Source\Component">
      <UniqueIdentifier>{30739844-7936-40a1-976f-29c12a8863a5}</UniqueIdentifier>
    </Filter>
    <Filter Include="Source\Entity">
      <UniqueIdentifier>{3c4e4180-a63e-4188-ae39-69474e2b1983}</UniqueIdentifier>
    </Filter>
    <Filter Include="Source\System">
      <UniqueIdentifier>{f47447e2-d6e8-432d-b567-bbd86b024f48}</UniqueIdentifier>
    </Filter>
    <Filter Include="Source\libs">
      <UniqueIdentifier>{5b29ac5d-844f-4e4b-bb94-28feb3111d73}</UniqueIdentifier>
    </Filter>
    <Filter Include="Source\Simulation">
      <UniqueIdentifier>{3e53388d-dcb3-41cc-9865-0498d8ef0324}</UniqueIdentifier>
    </Filter>
    <Filter Include="Source\Shaders">
      <UniqueIdentifier>{9ff34b22-ff7a-41af-b5d5-68bc6fa73e8e}</UniqueIdentifier>
    </Filter>
    <Filter Include="Source\resources">
      <UniqueIdentifier>{776fa1de-bb16-4f5a-a04b-6f134fc45162}</UniqueIdentifier>
    </Filter>
  </ItemGroup>
  <ItemGroup>
    <ClCompile Include="Component\ComponentManager.cpp">
      <Filter>Source\Component</Filter>
    </ClCompile>
    <ClCompile Include="Entity\EntityManager.cpp">
      <Filter>Source\Entity</Filter>
    </ClCompile>
    <ClCompile Include="libs\glad.c">
      <Filter>Source\libs</Filter>
    </ClCompile>
    <ClCompile Include="libs\stb_image.cpp">
      <Filter>Source\libs</Filter>
    </ClCompile>
    <ClCompile Include="Simulation\Shader.cpp">
      <Filter>Source\Simulation</Filter>
    </ClCompile>
    <ClCompile Include="Simulation\Simulation.cpp">
      <Filter>Source\Simulation</Filter>
    </ClCompile>
    <ClCompile Include="Simulation\TextureManager.cpp">
      <Filter>Source\Simulation</Filter>
    </ClCompile>
    <ClCompile Include="System\BreedingSystem.cpp">
      <Filter>Source\System</Filter>
    </ClCompile>
    <ClCompile Include="System\CollisionSystem.cpp">
      <Filter>Source\System</Filter>
    </ClCompile>
    <ClCompile Include="System\FeedingSystem.cpp">
      <Filter>Source\System</Filter>
    </ClCompile>
    <ClCompile Include="System\MovementSystem.cpp">
      <Filter>Source\System</Filter>
    </ClCompile>
    <ClCompile Include="System\RenderSystem.cpp">
      <Filter>Source\System</Filter>
    </ClCompile>
    <ClCompile Include="System\SpawningSystem.cpp">
      <Filter>Source\System</Filter>
    </ClCompile>
    <ClCompile Include="System\SystemManager.cpp">
      <Filter>Source\System</Filter>
    </ClCompile>
    <ClCompile Include="System\TargettingSystem.cpp">
      <Filter>Source\System</Filter>
    </ClCompile>
    <ClCompile Include="main.cpp">
      <Filter>Source</Filter>
    </ClCompile>
  </ItemGroup>
  <ItemGroup>
    <ClInclude Include="main.h">
      <Filter>Source</Filter>
    </ClInclude>
    <ClInclude Include="..\tracy\Tracy.hpp">
      <Filter>Source\libs</Filter>
    </ClInclude>
    <ClInclude Include="Component\Component.h">
      <Filter>Source\Component</Filter>
    </ClInclude>
    <ClInclude Include="Component\ComponentManager.h">
      <Filter>Source\Component</Filter>
    </ClInclude>
    <ClInclude Include="Entity\Entity.h">
      <Filter>Source\Entity</Filter>
    </ClInclude>
    <ClInclude Include="Entity\EntityManager.h">
      <Filter>Source\Entity</Filter>
    </ClInclude>
    <ClInclude Include="libs\json.hpp">
      <Filter>Source\libs</Filter>
    </ClInclude>
    <ClInclude Include="libs\robin_hood.h">
      <Filter>Source\libs</Filter>
    </ClInclude>
    <ClInclude Include="libs\stb_image.h">
      <Filter>Source\libs</Filter>
    </ClInclude>
    <ClInclude Include="Simulation\Shader.h">
      <Filter>Source\Simulation</Filter>
    </ClInclude>
    <ClInclude Include="Simulation\Simulation.h">
      <Filter>Source\Simulation</Filter>
    </ClInclude>
    <ClInclude Include="Simulation\TextureManager.h">
      <Filter>Source\Simulation</Filter>
    </ClInclude>
    <ClInclude Include="System\BreedingSystem.h">
      <Filter>Source\System</Filter>
    </ClInclude>
    <ClInclude Include="System\CollisionSystem.h">
      <Filter>Source\System</Filter>
    </ClInclude>
    <ClInclude Include="System\FeedingSystem.h">
      <Filter>Source\System</Filter>
    </ClInclude>
    <ClInclude Include="System\MovementSystem.h">
      <Filter>Source\System</Filter>
    </ClInclude>
    <ClInclude Include="System\RenderSystem.h">
      <Filter>Source\System</Filter>
    </ClInclude>
    <ClInclude Include="System\SpawningSystem.h">
      <Filter>Source\System</Filter>
    </ClInclude>
    <ClInclude Include="System\SystemManager.h">
      <Filter>Source\System</Filter>
    </ClInclude>
    <ClInclude Include="System\TargettingSystem.h">
      <Filter>Source\System</Filter>
    </ClInclude>
  </ItemGroup>
  <ItemGroup>
    <None Include="Shaders\fragment.glsl">
      <Filter>Source\Shaders</Filter>
    </None>
    <None Include="Shaders\vertex.glsl">
      <Filter>Source\Shaders</Filter>
    </None>
    <None Include="config.json">
      <Filter>Source</Filter>
    </None>
  </ItemGroup>
  <ItemGroup>
    <Image Include="resources\fox-prototype.png">
      <Filter>Source\resources</Filter>
    </Image>
    <Image Include="resources\grass-prototype.png">
      <Filter>Source\resources</Filter>
    </Image>
    <Image Include="resources\lemming-prototype.png">
      <Filter>Source\resources</Filter>
    </Image>
  </ItemGroup>
</Project>