
Microsoft Visual Studio Solution File, Format Version 12.00
# Visual Studio Version 16
VisualStudioVersion = 16.0.30611.23
MinimumVisualStudioVersion = 10.0.40219.1
Project("{8BC9CEB8-8B4A-11D0-8D11-00A0C91BC942}") = "Ecology_Simulator", "Ecology_Simulator\Ecology_Simulator.vcxproj", "{1C22B7C1-C1CF-4B62-BBB5-FDB2CACFA237}"
EndProject
Global
	GlobalSection(SolutionConfigurationPlatforms) = preSolution
		Debug|x64 = Debug|x64
		Debug|x86 = Debug|x86
		Release|x64 = Release|x64
		Release|x86 = Release|x86
	EndGlobalSection
	GlobalSection(ProjectConfigurationPlatforms) = postSolution
		{1C22B7C1-C1CF-4B62-BBB5-FDB2CACFA237}.Debug|x64.ActiveCfg = Debug|x64
		{1C22B7C1-C1CF-4B62-BBB5-FDB2CACFA237}.Debug|x64.Build.0 = Debug|x64
		{1C22B7C1-C1CF-4B62-BBB5-FDB2CACFA237}.Debug|x86.ActiveCfg = Debug|Win32
		{1C22B7C1-C1CF-4B62-BBB5-FDB2CACFA237}.Debug|x86.Build.0 = Debug|Win32
		{1C22B7C1-C1CF-4B62-BBB5-FDB2CACFA237}.Release|x64.ActiveCfg = Release|x64
		{1C22B7C1-C1CF-4B62-BBB5-FDB2CACFA237}.Release|x64.Build.0 = Release|x64
		{1C22B7C1-C1CF-4B62-BBB5-FDB2CACFA237}.Release|x86.ActiveCfg = Release|Win32
		{1C22B7C1-C1CF-4B62-BBB5-FDB2CACFA237}.Release|x86.Build.0 = Release|Win32
	EndGlobalSection
	GlobalSection(SolutionProperties) = preSolution
		HideSolutionNode = FALSE
	EndGlobalSection
	GlobalSection(ExtensibilityGlobals) = postSolution
		SolutionGuid = {AC5FBC6A-E668-4A42-B733-FA05B47D280F}
	EndGlobalSection
EndGlobal
